// !$*UTF8*$!
{
	archiveVersion = 1;
	classes = {
	};
	objectVersion = 46;
	objects = {

/* Begin PBXBuildFile section */
		2B11F75B4E6CAE3B0FD56C58 /* Pods_YHNetworking.framework in Frameworks */ = {isa = PBXBuildFile; fileRef = D6474C35DFB8B15D874A7FF8 /* Pods_YHNetworking.framework */; };
		641D2B631CEB7C7400F0D34A /* KDS_ViewController.m in Sources */ = {isa = PBXBuildFile; fileRef = 641D2B5D1CEB7C7400F0D34A /* KDS_ViewController.m */; };
		641D2B641CEB7C7400F0D34A /* KDS_OneRequest.m in Sources */ = {isa = PBXBuildFile; fileRef = 641D2B601CEB7C7400F0D34A /* KDS_OneRequest.m */; };
		641D2B651CEB7C7400F0D34A /* KDS_TwoRequest.m in Sources */ = {isa = PBXBuildFile; fileRef = 641D2B621CEB7C7400F0D34A /* KDS_TwoRequest.m */; };
		641D2B841CEB7D7B00F0D34A /* KDS_BaseCacheRequest.m in Sources */ = {isa = PBXBuildFile; fileRef = 641D2B7A1CEB7D7B00F0D34A /* KDS_BaseCacheRequest.m */; };
		641D2B851CEB7D7B00F0D34A /* KDS_BaseRequest.m in Sources */ = {isa = PBXBuildFile; fileRef = 641D2B7C1CEB7D7B00F0D34A /* KDS_BaseRequest.m */; };
		641D2B861CEB7D7B00F0D34A /* KDS_NetworkAgent.m in Sources */ = {isa = PBXBuildFile; fileRef = 641D2B7E1CEB7D7B00F0D34A /* KDS_NetworkAgent.m */; };
		641D2B871CEB7D7B00F0D34A /* KDS_NetworkConfig.m in Sources */ = {isa = PBXBuildFile; fileRef = 641D2B801CEB7D7B00F0D34A /* KDS_NetworkConfig.m */; };
		641D2B881CEB7D7B00F0D34A /* KDS_RequestHelper.m in Sources */ = {isa = PBXBuildFile; fileRef = 641D2B821CEB7D7B00F0D34A /* KDS_RequestHelper.m */; };
		641D2B891CEB7D7B00F0D34A /* ReadMe.md in Sources */ = {isa = PBXBuildFile; fileRef = 641D2B831CEB7D7B00F0D34A /* ReadMe.md */; };
		6447274A1C86EAAB00D15A68 /* main.m in Sources */ = {isa = PBXBuildFile; fileRef = 644727491C86EAAB00D15A68 /* main.m */; };
		6447274D1C86EAAB00D15A68 /* AppDelegate.m in Sources */ = {isa = PBXBuildFile; fileRef = 6447274C1C86EAAB00D15A68 /* AppDelegate.m */; };
		644727501C86EAAB00D15A68 /* ViewController.m in Sources */ = {isa = PBXBuildFile; fileRef = 6447274F1C86EAAB00D15A68 /* ViewController.m */; };
		644727531C86EAAB00D15A68 /* Main.storyboard in Resources */ = {isa = PBXBuildFile; fileRef = 644727511C86EAAB00D15A68 /* Main.storyboard */; };
		644727551C86EAAB00D15A68 /* Assets.xcassets in Resources */ = {isa = PBXBuildFile; fileRef = 644727541C86EAAB00D15A68 /* Assets.xcassets */; };
		644727581C86EAAB00D15A68 /* LaunchScreen.storyboard in Resources */ = {isa = PBXBuildFile; fileRef = 644727561C86EAAB00D15A68 /* LaunchScreen.storyboard */; };
		644727631C86EAAB00D15A68 /* YHNetworkingTests.m in Sources */ = {isa = PBXBuildFile; fileRef = 644727621C86EAAB00D15A68 /* YHNetworkingTests.m */; };
		7C6065138CE6E1FF90872A63 /* Pods_YHNetworkingTests.framework in Frameworks */ = {isa = PBXBuildFile; fileRef = 7BA55F43BF6BF809B28AE3C3 /* Pods_YHNetworkingTests.framework */; };
/* End PBXBuildFile section */

/* Begin PBXContainerItemProxy section */
		6447275F1C86EAAB00D15A68 /* PBXContainerItemProxy */ = {
			isa = PBXContainerItemProxy;
			containerPortal = 6447273D1C86EAAB00D15A68 /* Project object */;
			proxyType = 1;
			remoteGlobalIDString = 644727441C86EAAB00D15A68;
			remoteInfo = YHNetworking;
		};
/* End PBXContainerItemProxy section */

/* Begin PBXFileReference section */
		1C74C0B458BB6EFF24B39486 /* Pods-YHNetworkingTests.debug.xcconfig */ = {isa = PBXFileReference; includeInIndex = 1; lastKnownFileType = text.xcconfig; name = "Pods-YHNetworkingTests.debug.xcconfig"; path = "Pods/Target Support Files/Pods-YHNetworkingTests/Pods-YHNetworkingTests.debug.xcconfig"; sourceTree = "<group>"; };
		641D2B5C1CEB7C7400F0D34A /* KDS_ViewController.h */ = {isa = PBXFileReference; fileEncoding = 4; lastKnownFileType = sourcecode.c.h; path = KDS_ViewController.h; sourceTree = "<group>"; };
		641D2B5D1CEB7C7400F0D34A /* KDS_ViewController.m */ = {isa = PBXFileReference; fileEncoding = 4; lastKnownFileType = sourcecode.c.objc; path = KDS_ViewController.m; sourceTree = "<group>"; };
		641D2B5F1CEB7C7400F0D34A /* KDS_OneRequest.h */ = {isa = PBXFileReference; fileEncoding = 4; lastKnownFileType = sourcecode.c.h; path = KDS_OneRequest.h; sourceTree = "<group>"; };
		641D2B601CEB7C7400F0D34A /* KDS_OneRequest.m */ = {isa = PBXFileReference; fileEncoding = 4; lastKnownFileType = sourcecode.c.objc; path = KDS_OneRequest.m; sourceTree = "<group>"; };
		641D2B611CEB7C7400F0D34A /* KDS_TwoRequest.h */ = {isa = PBXFileReference; fileEncoding = 4; lastKnownFileType = sourcecode.c.h; path = KDS_TwoRequest.h; sourceTree = "<group>"; };
		641D2B621CEB7C7400F0D34A /* KDS_TwoRequest.m */ = {isa = PBXFileReference; fileEncoding = 4; lastKnownFileType = sourcecode.c.objc; path = KDS_TwoRequest.m; sourceTree = "<group>"; };
		641D2B791CEB7D7B00F0D34A /* KDS_BaseCacheRequest.h */ = {isa = PBXFileReference; fileEncoding = 4; lastKnownFileType = sourcecode.c.h; path = KDS_BaseCacheRequest.h; sourceTree = "<group>"; };
		641D2B7A1CEB7D7B00F0D34A /* KDS_BaseCacheRequest.m */ = {isa = PBXFileReference; fileEncoding = 4; lastKnownFileType = sourcecode.c.objc; path = KDS_BaseCacheRequest.m; sourceTree = "<group>"; };
		641D2B7B1CEB7D7B00F0D34A /* KDS_BaseRequest.h */ = {isa = PBXFileReference; fileEncoding = 4; lastKnownFileType = sourcecode.c.h; path = KDS_BaseRequest.h; sourceTree = "<group>"; };
		641D2B7C1CEB7D7B00F0D34A /* KDS_BaseRequest.m */ = {isa = PBXFileReference; fileEncoding = 4; lastKnownFileType = sourcecode.c.objc; path = KDS_BaseRequest.m; sourceTree = "<group>"; };
		641D2B7D1CEB7D7B00F0D34A /* KDS_NetworkAgent.h */ = {isa = PBXFileReference; fileEncoding = 4; lastKnownFileType = sourcecode.c.h; path = KDS_NetworkAgent.h; sourceTree = "<group>"; };
		641D2B7E1CEB7D7B00F0D34A /* KDS_NetworkAgent.m */ = {isa = PBXFileReference; fileEncoding = 4; lastKnownFileType = sourcecode.c.objc; path = KDS_NetworkAgent.m; sourceTree = "<group>"; };
		641D2B7F1CEB7D7B00F0D34A /* KDS_NetworkConfig.h */ = {isa = PBXFileReference; fileEncoding = 4; lastKnownFileType = sourcecode.c.h; path = KDS_NetworkConfig.h; sourceTree = "<group>"; };
		641D2B801CEB7D7B00F0D34A /* KDS_NetworkConfig.m */ = {isa = PBXFileReference; fileEncoding = 4; lastKnownFileType = sourcecode.c.objc; path = KDS_NetworkConfig.m; sourceTree = "<group>"; };
		641D2B811CEB7D7B00F0D34A /* KDS_RequestHelper.h */ = {isa = PBXFileReference; fileEncoding = 4; lastKnownFileType = sourcecode.c.h; path = KDS_RequestHelper.h; sourceTree = "<group>"; };
		641D2B821CEB7D7B00F0D34A /* KDS_RequestHelper.m */ = {isa = PBXFileReference; fileEncoding = 4; lastKnownFileType = sourcecode.c.objc; path = KDS_RequestHelper.m; sourceTree = "<group>"; };
		641D2B831CEB7D7B00F0D34A /* ReadMe.md */ = {isa = PBXFileReference; fileEncoding = 4; lastKnownFileType = net.daringfireball.markdown; path = ReadMe.md; sourceTree = "<group>"; };
		644727451C86EAAB00D15A68 /* YHNetworking.app */ = {isa = PBXFileReference; explicitFileType = wrapper.application; includeInIndex = 0; path = YHNetworking.app; sourceTree = BUILT_PRODUCTS_DIR; };
		644727491C86EAAB00D15A68 /* main.m */ = {isa = PBXFileReference; lastKnownFileType = sourcecode.c.objc; path = main.m; sourceTree = "<group>"; };
		6447274B1C86EAAB00D15A68 /* AppDelegate.h */ = {isa = PBXFileReference; lastKnownFileType = sourcecode.c.h; path = AppDelegate.h; sourceTree = "<group>"; };
		6447274C1C86EAAB00D15A68 /* AppDelegate.m */ = {isa = PBXFileReference; lastKnownFileType = sourcecode.c.objc; path = AppDelegate.m; sourceTree = "<group>"; };
		6447274E1C86EAAB00D15A68 /* ViewController.h */ = {isa = PBXFileReference; lastKnownFileType = sourcecode.c.h; path = ViewController.h; sourceTree = "<group>"; };
		6447274F1C86EAAB00D15A68 /* ViewController.m */ = {isa = PBXFileReference; lastKnownFileType = sourcecode.c.objc; path = ViewController.m; sourceTree = "<group>"; };
		644727521C86EAAB00D15A68 /* Base */ = {isa = PBXFileReference; lastKnownFileType = file.storyboard; name = Base; path = Base.lproj/Main.storyboard; sourceTree = "<group>"; };
		644727541C86EAAB00D15A68 /* Assets.xcassets */ = {isa = PBXFileReference; lastKnownFileType = folder.assetcatalog; path = Assets.xcassets; sourceTree = "<group>"; };
		644727571C86EAAB00D15A68 /* Base */ = {isa = PBXFileReference; lastKnownFileType = file.storyboard; name = Base; path = Base.lproj/LaunchScreen.storyboard; sourceTree = "<group>"; };
		644727591C86EAAB00D15A68 /* Info.plist */ = {isa = PBXFileReference; lastKnownFileType = text.plist.xml; path = Info.plist; sourceTree = "<group>"; };
		6447275E1C86EAAB00D15A68 /* YHNetworkingTests.xctest */ = {isa = PBXFileReference; explicitFileType = wrapper.cfbundle; includeInIndex = 0; path = YHNetworkingTests.xctest; sourceTree = BUILT_PRODUCTS_DIR; };
		644727621C86EAAB00D15A68 /* YHNetworkingTests.m */ = {isa = PBXFileReference; lastKnownFileType = sourcecode.c.objc; path = YHNetworkingTests.m; sourceTree = "<group>"; };
		644727641C86EAAB00D15A68 /* Info.plist */ = {isa = PBXFileReference; lastKnownFileType = text.plist.xml; path = Info.plist; sourceTree = "<group>"; };
		7BA55F43BF6BF809B28AE3C3 /* Pods_YHNetworkingTests.framework */ = {isa = PBXFileReference; explicitFileType = wrapper.framework; includeInIndex = 0; path = Pods_YHNetworkingTests.framework; sourceTree = BUILT_PRODUCTS_DIR; };
		8AED15D136342ED3D1D81BBE /* Pods-YHNetworking.release.xcconfig */ = {isa = PBXFileReference; includeInIndex = 1; lastKnownFileType = text.xcconfig; name = "Pods-YHNetworking.release.xcconfig"; path = "Pods/Target Support Files/Pods-YHNetworking/Pods-YHNetworking.release.xcconfig"; sourceTree = "<group>"; };
		97002A26237D88CC387A5286 /* Pods-YHNetworking.debug.xcconfig */ = {isa = PBXFileReference; includeInIndex = 1; lastKnownFileType = text.xcconfig; name = "Pods-YHNetworking.debug.xcconfig"; path = "Pods/Target Support Files/Pods-YHNetworking/Pods-YHNetworking.debug.xcconfig"; sourceTree = "<group>"; };
		D6474C35DFB8B15D874A7FF8 /* Pods_YHNetworking.framework */ = {isa = PBXFileReference; explicitFileType = wrapper.framework; includeInIndex = 0; path = Pods_YHNetworking.framework; sourceTree = BUILT_PRODUCTS_DIR; };
		F4210B61884B5728805A6AA4 /* Pods-YHNetworkingTests.release.xcconfig */ = {isa = PBXFileReference; includeInIndex = 1; lastKnownFileType = text.xcconfig; name = "Pods-YHNetworkingTests.release.xcconfig"; path = "Pods/Target Support Files/Pods-YHNetworkingTests/Pods-YHNetworkingTests.release.xcconfig"; sourceTree = "<group>"; };
/* End PBXFileReference section */

/* Begin PBXFrameworksBuildPhase section */
		644727421C86EAAB00D15A68 /* Frameworks */ = {
			isa = PBXFrameworksBuildPhase;
			buildActionMask = 2147483647;
			files = (
				2B11F75B4E6CAE3B0FD56C58 /* Pods_YHNetworking.framework in Frameworks */,
			);
			runOnlyForDeploymentPostprocessing = 0;
		};
		6447275B1C86EAAB00D15A68 /* Frameworks */ = {
			isa = PBXFrameworksBuildPhase;
			buildActionMask = 2147483647;
			files = (
				7C6065138CE6E1FF90872A63 /* Pods_YHNetworkingTests.framework in Frameworks */,
			);
			runOnlyForDeploymentPostprocessing = 0;
		};
/* End PBXFrameworksBuildPhase section */

/* Begin PBXGroup section */
		641D2B5B1CEB7C7400F0D34A /* Demo */ = {
			isa = PBXGroup;
			children = (
				641D2B5C1CEB7C7400F0D34A /* KDS_ViewController.h */,
				641D2B5D1CEB7C7400F0D34A /* KDS_ViewController.m */,
				641D2B5E1CEB7C7400F0D34A /* request */,
			);
			path = Demo;
			sourceTree = "<group>";
		};
		641D2B5E1CEB7C7400F0D34A /* request */ = {
			isa = PBXGroup;
			children = (
				641D2B5F1CEB7C7400F0D34A /* KDS_OneRequest.h */,
				641D2B601CEB7C7400F0D34A /* KDS_OneRequest.m */,
				641D2B611CEB7C7400F0D34A /* KDS_TwoRequest.h */,
				641D2B621CEB7C7400F0D34A /* KDS_TwoRequest.m */,
			);
			path = request;
			sourceTree = "<group>";
		};
		641D2B781CEB7D7B00F0D34A /* YHNetwork */ = {
			isa = PBXGroup;
			children = (
				641D2B791CEB7D7B00F0D34A /* KDS_BaseCacheRequest.h */,
				641D2B7A1CEB7D7B00F0D34A /* KDS_BaseCacheRequest.m */,
				641D2B7B1CEB7D7B00F0D34A /* KDS_BaseRequest.h */,
				641D2B7C1CEB7D7B00F0D34A /* KDS_BaseRequest.m */,
				641D2B7D1CEB7D7B00F0D34A /* KDS_NetworkAgent.h */,
				641D2B7E1CEB7D7B00F0D34A /* KDS_NetworkAgent.m */,
				641D2B7F1CEB7D7B00F0D34A /* KDS_NetworkConfig.h */,
				641D2B801CEB7D7B00F0D34A /* KDS_NetworkConfig.m */,
				641D2B811CEB7D7B00F0D34A /* KDS_RequestHelper.h */,
				641D2B821CEB7D7B00F0D34A /* KDS_RequestHelper.m */,
				641D2B831CEB7D7B00F0D34A /* ReadMe.md */,
			);
			path = YHNetwork;
			sourceTree = "<group>";
		};
		6447273C1C86EAAB00D15A68 = {
			isa = PBXGroup;
			children = (
				644727471C86EAAB00D15A68 /* YHNetworking */,
				644727611C86EAAB00D15A68 /* YHNetworkingTests */,
				644727461C86EAAB00D15A68 /* Products */,
				D4596BDCF9D4E010C7FB2D9C /* Pods */,
				8093050A4E58BE77129C370A /* Frameworks */,
			);
			sourceTree = "<group>";
		};
		644727461C86EAAB00D15A68 /* Products */ = {
			isa = PBXGroup;
			children = (
				644727451C86EAAB00D15A68 /* YHNetworking.app */,
				6447275E1C86EAAB00D15A68 /* YHNetworkingTests.xctest */,
			);
			name = Products;
			sourceTree = "<group>";
		};
		644727471C86EAAB00D15A68 /* YHNetworking */ = {
			isa = PBXGroup;
			children = (
				641D2B781CEB7D7B00F0D34A /* YHNetwork */,
				6447274B1C86EAAB00D15A68 /* AppDelegate.h */,
				6447274C1C86EAAB00D15A68 /* AppDelegate.m */,
				641D2B5B1CEB7C7400F0D34A /* Demo */,
				6447274E1C86EAAB00D15A68 /* ViewController.h */,
				6447274F1C86EAAB00D15A68 /* ViewController.m */,
				644727481C86EAAB00D15A68 /* Supporting Files */,
			);
			path = YHNetworking;
			sourceTree = "<group>";
		};
		644727481C86EAAB00D15A68 /* Supporting Files */ = {
			isa = PBXGroup;
			children = (
				644727511C86EAAB00D15A68 /* Main.storyboard */,
				644727541C86EAAB00D15A68 /* Assets.xcassets */,
				644727561C86EAAB00D15A68 /* LaunchScreen.storyboard */,
				644727591C86EAAB00D15A68 /* Info.plist */,
				644727491C86EAAB00D15A68 /* main.m */,
			);
			name = "Supporting Files";
			sourceTree = "<group>";
		};
		644727611C86EAAB00D15A68 /* YHNetworkingTests */ = {
			isa = PBXGroup;
			children = (
				644727621C86EAAB00D15A68 /* YHNetworkingTests.m */,
				644727641C86EAAB00D15A68 /* Info.plist */,
			);
			path = YHNetworkingTests;
			sourceTree = "<group>";
		};
		8093050A4E58BE77129C370A /* Frameworks */ = {
			isa = PBXGroup;
			children = (
				D6474C35DFB8B15D874A7FF8 /* Pods_YHNetworking.framework */,
				7BA55F43BF6BF809B28AE3C3 /* Pods_YHNetworkingTests.framework */,
			);
			name = Frameworks;
			sourceTree = "<group>";
		};
		D4596BDCF9D4E010C7FB2D9C /* Pods */ = {
			isa = PBXGroup;
			children = (
				97002A26237D88CC387A5286 /* Pods-YHNetworking.debug.xcconfig */,
				8AED15D136342ED3D1D81BBE /* Pods-YHNetworking.release.xcconfig */,
				1C74C0B458BB6EFF24B39486 /* Pods-YHNetworkingTests.debug.xcconfig */,
				F4210B61884B5728805A6AA4 /* Pods-YHNetworkingTests.release.xcconfig */,
			);
			name = Pods;
			sourceTree = "<group>";
		};
/* End PBXGroup section */

/* Begin PBXNativeTarget section */
		644727441C86EAAB00D15A68 /* YHNetworking */ = {
			isa = PBXNativeTarget;
			buildConfigurationList = 644727671C86EAAB00D15A68 /* Build configuration list for PBXNativeTarget "YHNetworking" */;
			buildPhases = (
				B25069A386AE848D21B86AA0 /* 📦 Check Pods Manifest.lock */,
				644727411C86EAAB00D15A68 /* Sources */,
				644727421C86EAAB00D15A68 /* Frameworks */,
				644727431C86EAAB00D15A68 /* Resources */,
				7EA336575F3BF4393B6CB49B /* 📦 Embed Pods Frameworks */,
				1DA8FB5544E5900194A6140A /* 📦 Copy Pods Resources */,
			);
			buildRules = (
			);
			dependencies = (
			);
			name = YHNetworking;
			productName = YHNetworking;
			productReference = 644727451C86EAAB00D15A68 /* YHNetworking.app */;
			productType = "com.apple.product-type.application";
		};
		6447275D1C86EAAB00D15A68 /* YHNetworkingTests */ = {
			isa = PBXNativeTarget;
			buildConfigurationList = 6447276A1C86EAAB00D15A68 /* Build configuration list for PBXNativeTarget "YHNetworkingTests" */;
			buildPhases = (
				7754EBAF827CF83CB67BE860 /* 📦 Check Pods Manifest.lock */,
				6447275A1C86EAAB00D15A68 /* Sources */,
				6447275B1C86EAAB00D15A68 /* Frameworks */,
				6447275C1C86EAAB00D15A68 /* Resources */,
				D4173DE5642F3DDB7B9DA9CB /* 📦 Embed Pods Frameworks */,
				6A04B5C05E69F68C04147922 /* 📦 Copy Pods Resources */,
			);
			buildRules = (
			);
			dependencies = (
				644727601C86EAAB00D15A68 /* PBXTargetDependency */,
			);
			name = YHNetworkingTests;
			productName = YHNetworkingTests;
			productReference = 6447275E1C86EAAB00D15A68 /* YHNetworkingTests.xctest */;
			productType = "com.apple.product-type.bundle.unit-test";
		};
/* End PBXNativeTarget section */

/* Begin PBXProject section */
		6447273D1C86EAAB00D15A68 /* Project object */ = {
			isa = PBXProject;
			attributes = {
				LastUpgradeCheck = 0710;
				ORGANIZATIONNAME = yehot;
				TargetAttributes = {
					644727441C86EAAB00D15A68 = {
						CreatedOnToolsVersion = 7.1;
					};
					6447275D1C86EAAB00D15A68 = {
						CreatedOnToolsVersion = 7.1;
						TestTargetID = 644727441C86EAAB00D15A68;
					};
				};
			};
			buildConfigurationList = 644727401C86EAAB00D15A68 /* Build configuration list for PBXProject "YHNetworking" */;
			compatibilityVersion = "Xcode 3.2";
			developmentRegion = English;
			hasScannedForEncodings = 0;
			knownRegions = (
				en,
				Base,
			);
			mainGroup = 6447273C1C86EAAB00D15A68;
			productRefGroup = 644727461C86EAAB00D15A68 /* Products */;
			projectDirPath = "";
			projectRoot = "";
			targets = (
				644727441C86EAAB00D15A68 /* YHNetworking */,
				6447275D1C86EAAB00D15A68 /* YHNetworkingTests */,
			);
		};
/* End PBXProject section */

/* Begin PBXResourcesBuildPhase section */
		644727431C86EAAB00D15A68 /* Resources */ = {
			isa = PBXResourcesBuildPhase;
			buildActionMask = 2147483647;
			files = (
				644727581C86EAAB00D15A68 /* LaunchScreen.storyboard in Resources */,
				644727551C86EAAB00D15A68 /* Assets.xcassets in Resources */,
				644727531C86EAAB00D15A68 /* Main.storyboard in Resources */,
			);
			runOnlyForDeploymentPostprocessing = 0;
		};
		6447275C1C86EAAB00D15A68 /* Resources */ = {
			isa = PBXResourcesBuildPhase;
			buildActionMask = 2147483647;
			files = (
			);
			runOnlyForDeploymentPostprocessing = 0;
		};
/* End PBXResourcesBuildPhase section */

/* Begin PBXShellScriptBuildPhase section */
		1DA8FB5544E5900194A6140A /* 📦 Copy Pods Resources */ = {
			isa = PBXShellScriptBuildPhase;
			buildActionMask = 2147483647;
			files = (
			);
			inputPaths = (
			);
			name = "📦 Copy Pods Resources";
			outputPaths = (
			);
			runOnlyForDeploymentPostprocessing = 0;
			shellPath = /bin/sh;
			shellScript = "\"${SRCROOT}/Pods/Target Support Files/Pods-YHNetworking/Pods-YHNetworking-resources.sh\"\n";
			showEnvVarsInLog = 0;
		};
		6A04B5C05E69F68C04147922 /* 📦 Copy Pods Resources */ = {
			isa = PBXShellScriptBuildPhase;
			buildActionMask = 2147483647;
			files = (
			);
			inputPaths = (
			);
			name = "📦 Copy Pods Resources";
			outputPaths = (
			);
			runOnlyForDeploymentPostprocessing = 0;
			shellPath = /bin/sh;
			shellScript = "\"${SRCROOT}/Pods/Target Support Files/Pods-YHNetworkingTests/Pods-YHNetworkingTests-resources.sh\"\n";
			showEnvVarsInLog = 0;
		};
		7754EBAF827CF83CB67BE860 /* 📦 Check Pods Manifest.lock */ = {
			isa = PBXShellScriptBuildPhase;
			buildActionMask = 2147483647;
			files = (
			);
			inputPaths = (
			);
			name = "📦 Check Pods Manifest.lock";
			outputPaths = (
			);
			runOnlyForDeploymentPostprocessing = 0;
			shellPath = /bin/sh;
			shellScript = "diff \"${PODS_ROOT}/../Podfile.lock\" \"${PODS_ROOT}/Manifest.lock\" > /dev/null\nif [[ $? != 0 ]] ; then\n    cat << EOM\nerror: The sandbox is not in sync with the Podfile.lock. Run 'pod install' or update your CocoaPods installation.\nEOM\n    exit 1\nfi\n";
			showEnvVarsInLog = 0;
		};
		7EA336575F3BF4393B6CB49B /* 📦 Embed Pods Frameworks */ = {
			isa = PBXShellScriptBuildPhase;
			buildActionMask = 2147483647;
			files = (
			);
			inputPaths = (
			);
			name = "📦 Embed Pods Frameworks";
			outputPaths = (
			);
			runOnlyForDeploymentPostprocessing = 0;
			shellPath = /bin/sh;
			shellScript = "\"${SRCROOT}/Pods/Target Support Files/Pods-YHNetworking/Pods-YHNetworking-frameworks.sh\"\n";
			showEnvVarsInLog = 0;
		};
		B25069A386AE848D21B86AA0 /* 📦 Check Pods Manifest.lock */ = {
			isa = PBXShellScriptBuildPhase;
			buildActionMask = 2147483647;
			files = (
			);
			inputPaths = (
			);
			name = "📦 Check Pods Manifest.lock";
			outputPaths = (
			);
			runOnlyForDeploymentPostprocessing = 0;
			shellPath = /bin/sh;
			shellScript = "diff \"${PODS_ROOT}/../Podfile.lock\" \"${PODS_ROOT}/Manifest.lock\" > /dev/null\nif [[ $? != 0 ]] ; then\n    cat << EOM\nerror: The sandbox is not in sync with the Podfile.lock. Run 'pod install' or update your CocoaPods installation.\nEOM\n    exit 1\nfi\n";
			showEnvVarsInLog = 0;
		};
		D4173DE5642F3DDB7B9DA9CB /* 📦 Embed Pods Frameworks */ = {
			isa = PBXShellScriptBuildPhase;
			buildActionMask = 2147483647;
			files = (
			);
			inputPaths = (
			);
			name = "📦 Embed Pods Frameworks";
			outputPaths = (
			);
			runOnlyForDeploymentPostprocessing = 0;
			shellPath = /bin/sh;
			shellScript = "\"${SRCROOT}/Pods/Target Support Files/Pods-YHNetworkingTests/Pods-YHNetworkingTests-frameworks.sh\"\n";
			showEnvVarsInLog = 0;
		};
/* End PBXShellScriptBuildPhase section */

/* Begin PBXSourcesBuildPhase section */
		644727411C86EAAB00D15A68 /* Sources */ = {
			isa = PBXSourcesBuildPhase;
			buildActionMask = 2147483647;
			files = (
				641D2B871CEB7D7B00F0D34A /* KDS_NetworkConfig.m in Sources */,
				641D2B641CEB7C7400F0D34A /* KDS_OneRequest.m in Sources */,
				641D2B631CEB7C7400F0D34A /* KDS_ViewController.m in Sources */,
				644727501C86EAAB00D15A68 /* ViewController.m in Sources */,
				641D2B881CEB7D7B00F0D34A /* KDS_RequestHelper.m in Sources */,
				641D2B841CEB7D7B00F0D34A /* KDS_BaseCacheRequest.m in Sources */,
				641D2B651CEB7C7400F0D34A /* KDS_TwoRequest.m in Sources */,
				641D2B851CEB7D7B00F0D34A /* KDS_BaseRequest.m in Sources */,
				641D2B891CEB7D7B00F0D34A /* ReadMe.md in Sources */,
				641D2B861CEB7D7B00F0D34A /* KDS_NetworkAgent.m in Sources */,
				6447274D1C86EAAB00D15A68 /* AppDelegate.m in Sources */,
				6447274A1C86EAAB00D15A68 /* main.m in Sources */,
			);
			runOnlyForDeploymentPostprocessing = 0;
		};
		6447275A1C86EAAB00D15A68 /* Sources */ = {
			isa = PBXSourcesBuildPhase;
			buildActionMask = 2147483647;
			files = (
				644727631C86EAAB00D15A68 /* YHNetworkingTests.m in Sources */,
			);
			runOnlyForDeploymentPostprocessing = 0;
		};
/* End PBXSourcesBuildPhase section */

/* Begin PBXTargetDependency section */
		644727601C86EAAB00D15A68 /* PBXTargetDependency */ = {
			isa = PBXTargetDependency;
			target = 644727441C86EAAB00D15A68 /* YHNetworking */;
			targetProxy = 6447275F1C86EAAB00D15A68 /* PBXContainerItemProxy */;
		};
/* End PBXTargetDependency section */

/* Begin PBXVariantGroup section */
		644727511C86EAAB00D15A68 /* Main.storyboard */ = {
			isa = PBXVariantGroup;
			children = (
				644727521C86EAAB00D15A68 /* Base */,
			);
			name = Main.storyboard;
			sourceTree = "<group>";
		};
		644727561C86EAAB00D15A68 /* LaunchScreen.storyboard */ = {
			isa = PBXVariantGroup;
			children = (
				644727571C86EAAB00D15A68 /* Base */,
			);
			name = LaunchScreen.storyboard;
			sourceTree = "<group>";
		};
/* End PBXVariantGroup section */

/* Begin XCBuildConfiguration section */
		644727651C86EAAB00D15A68 /* Debug */ = {
			isa = XCBuildConfiguration;
			buildSettings = {
				ALWAYS_SEARCH_USER_PATHS = NO;
				CLANG_ALLOW_NON_MODULAR_INCLUDES_IN_FRAMEWORK_MODULES = YES;
				CLANG_CXX_LANGUAGE_STANDARD = "gnu++0x";
				CLANG_CXX_LIBRARY = "libc++";
				CLANG_ENABLE_MODULES = YES;
				CLANG_ENABLE_OBJC_ARC = YES;
				CLANG_WARN_BOOL_CONVERSION = YES;
				CLANG_WARN_CONSTANT_CONVERSION = YES;
				CLANG_WARN_DIRECT_OBJC_ISA_USAGE = YES_ERROR;
				CLANG_WARN_EMPTY_BODY = YES;
				CLANG_WARN_ENUM_CONVERSION = YES;
				CLANG_WARN_INT_CONVERSION = YES;
				CLANG_WARN_OBJC_ROOT_CLASS = YES_ERROR;
				CLANG_WARN_UNREACHABLE_CODE = YES;
				CLANG_WARN__DUPLICATE_METHOD_MATCH = YES;
				"CODE_SIGN_IDENTITY[sdk=iphoneos*]" = "iPhone Developer";
				COPY_PHASE_STRIP = NO;
				DEBUG_INFORMATION_FORMAT = dwarf;
				ENABLE_BITCODE = NO;
				ENABLE_STRICT_OBJC_MSGSEND = YES;
				ENABLE_TESTABILITY = YES;
				GCC_C_LANGUAGE_STANDARD = gnu99;
				GCC_DYNAMIC_NO_PIC = NO;
				GCC_NO_COMMON_BLOCKS = YES;
				GCC_OPTIMIZATION_LEVEL = 0;
				GCC_PREPROCESSOR_DEFINITIONS = (
					"DEBUG=1",
					"$(inherited)",
				);
				GCC_WARN_64_TO_32_BIT_CONVERSION = YES;
				GCC_WARN_ABOUT_RETURN_TYPE = YES_ERROR;
				GCC_WARN_UNDECLARED_SELECTOR = YES;
				GCC_WARN_UNINITIALIZED_AUTOS = YES_AGGRESSIVE;
				GCC_WARN_UNUSED_FUNCTION = YES;
				GCC_WARN_UNUSED_VARIABLE = YES;
				IPHONEOS_DEPLOYMENT_TARGET = 9.1;
				MTL_ENABLE_DEBUG_INFO = YES;
				ONLY_ACTIVE_ARCH = YES;
				SDKROOT = iphoneos;
			};
			name = Debug;
		};
		644727661C86EAAB00D15A68 /* Release */ = {
			isa = XCBuildConfiguration;
			buildSettings = {
				ALWAYS_SEARCH_USER_PATHS = NO;
				CLANG_ALLOW_NON_MODULAR_INCLUDES_IN_FRAMEWORK_MODULES = YES;
				CLANG_CXX_LANGUAGE_STANDARD = "gnu++0x";
				CLANG_CXX_LIBRARY = "libc++";
				CLANG_ENABLE_MODULES = YES;
				CLANG_ENABLE_OBJC_ARC = YES;
				CLANG_WARN_BOOL_CONVERSION = YES;
				CLANG_WARN_CONSTANT_CONVERSION = YES;
				CLANG_WARN_DIRECT_OBJC_ISA_USAGE = YES_ERROR;
				CLANG_WARN_EMPTY_BODY = YES;
				CLANG_WARN_ENUM_CONVERSION = YES;
				CLANG_WARN_INT_CONVERSION = YES;
				CLANG_WARN_OBJC_ROOT_CLASS = YES_ERROR;
				CLANG_WARN_UNREACHABLE_CODE = YES;
				CLANG_WARN__DUPLICATE_METHOD_MATCH = YES;
				"CODE_SIGN_IDENTITY[sdk=iphoneos*]" = "iPhone Developer";
				COPY_PHASE_STRIP = NO;
				DEBUG_INFORMATION_FORMAT = "dwarf-with-dsym";
				ENABLE_BITCODE = NO;
				ENABLE_NS_ASSERTIONS = NO;
				ENABLE_STRICT_OBJC_MSGSEND = YES;
				GCC_C_LANGUAGE_STANDARD = gnu99;
				GCC_NO_COMMON_BLOCKS = YES;
				GCC_WARN_64_TO_32_BIT_CONVERSION = YES;
				GCC_WARN_ABOUT_RETURN_TYPE = YES_ERROR;
				GCC_WARN_UNDECLARED_SELECTOR = YES;
				GCC_WARN_UNINITIALIZED_AUTOS = YES_AGGRESSIVE;
				GCC_WARN_UNUSED_FUNCTION = YES;
				GCC_WARN_UNUSED_VARIABLE = YES;
				IPHONEOS_DEPLOYMENT_TARGET = 9.1;
				MTL_ENABLE_DEBUG_INFO = NO;
				SDKROOT = iphoneos;
				VALIDATE_PRODUCT = YES;
			};
			name = Release;
		};
		644727681C86EAAB00D15A68 /* Debug */ = {
			isa = XCBuildConfiguration;
			baseConfigurationReference = 97002A26237D88CC387A5286 /* Pods-YHNetworking.debug.xcconfig */;
			buildSettings = {
				ASSETCATALOG_COMPILER_APPICON_NAME = AppIcon;
				CLANG_ALLOW_NON_MODULAR_INCLUDES_IN_FRAMEWORK_MODULES = YES;
				ENABLE_BITCODE = NO;
				INFOPLIST_FILE = YHNetworking/Info.plist;
				LD_RUNPATH_SEARCH_PATHS = "$(inherited) @executable_path/Frameworks";
				PRODUCT_BUNDLE_IDENTIFIER = com.kds.YHNetworking;
				PRODUCT_NAME = "$(TARGET_NAME)";
			};
			name = Debug;
		};
		644727691C86EAAB00D15A68 /* Release */ = {
			isa = XCBuildConfiguration;
			baseConfigurationReference = 8AED15D136342ED3D1D81BBE /* Pods-YHNetworking.release.xcconfig */;
			buildSettings = {
				ASSETCATALOG_COMPILER_APPICON_NAME = AppIcon;
				CLANG_ALLOW_NON_MODULAR_INCLUDES_IN_FRAMEWORK_MODULES = YES;
				ENABLE_BITCODE = NO;
				INFOPLIST_FILE = YHNetworking/Info.plist;
				LD_RUNPATH_SEARCH_PATHS = "$(inherited) @executable_path/Frameworks";
				PRODUCT_BUNDLE_IDENTIFIER = com.kds.YHNetworking;
				PRODUCT_NAME = "$(TARGET_NAME)";
			};
			name = Release;
		};
		6447276B1C86EAAB00D15A68 /* Debug */ = {
			isa = XCBuildConfiguration;
			baseConfigurationReference = 1C74C0B458BB6EFF24B39486 /* Pods-YHNetworkingTests.debug.xcconfig */;
			buildSettings = {
				BUNDLE_LOADER = "$(TEST_HOST)";
				INFOPLIST_FILE = YHNetworkingTests/Info.plist;
				LD_RUNPATH_SEARCH_PATHS = "$(inherited) @executable_path/Frameworks @loader_path/Frameworks";
				PRODUCT_BUNDLE_IDENTIFIER = com.kds.YHNetworkingTests;
				PRODUCT_NAME = "$(TARGET_NAME)";
				TEST_HOST = "$(BUILT_PRODUCTS_DIR)/YHNetworking.app/YHNetworking";
			};
			name = Debug;
		};
		6447276C1C86EAAB00D15A68 /* Release */ = {
			isa = XCBuildConfiguration;
			baseConfigurationReference = F4210B61884B5728805A6AA4 /* Pods-YHNetworkingTests.release.xcconfig */;
			buildSettings = {
				BUNDLE_LOADER = "$(TEST_HOST)";
				INFOPLIST_FILE = YHNetworkingTests/Info.plist;
				LD_RUNPATH_SEARCH_PATHS = "$(inherited) @executable_path/Frameworks @loader_path/Frameworks";
				PRODUCT_BUNDLE_IDENTIFIER = com.kds.YHNetworkingTests;
				PRODUCT_NAME = "$(TARGET_NAME)";
				TEST_HOST = "$(BUILT_PRODUCTS_DIR)/YHNetworking.app/YHNetworking";
			};
			name = Release;
		};
/* End XCBuildConfiguration section */

/* Begin XCConfigurationList section */
		644727401C86EAAB00D15A68 /* Build configuration list for PBXProject "YHNetworking" */ = {
			isa = XCConfigurationList;
			buildConfigurations = (
				644727651C86EAAB00D15A68 /* Debug */,
				644727661C86EAAB00D15A68 /* Release */,
			);
			defaultConfigurationIsVisible = 0;
			defaultConfigurationName = Release;
		};
		644727671C86EAAB00D15A68 /* Build configuration list for PBXNativeTarget "YHNetworking" */ = {
			isa = XCConfigurationList;
			buildConfigurations = (
				644727681C86EAAB00D15A68 /* Debug */,
				644727691C86EAAB00D15A68 /* Release */,
			);
			defaultConfigurationIsVisible = 0;
			defaultConfigurationName = Release;
		};
		6447276A1C86EAAB00D15A68 /* Build configuration list for PBXNativeTarget "YHNetworkingTests" */ = {
			isa = XCConfigurationList;
			buildConfigurations = (
				6447276B1C86EAAB00D15A68 /* Debug */,
				6447276C1C86EAAB00D15A68 /* Release */,
			);
			defaultConfigurationIsVisible = 0;
			defaultConfigurationName = Release;
		};
/* End XCConfigurationList section */
	};
	rootObject = 6447273D1C86EAAB00D15A68 /* Project object */;
}
